{"1.2.0",
[{<<"acceptor_pool">>,{pkg,<<"acceptor_pool">>,<<"1.0.0">>},0},
 {<<"goldrush">>,{pkg,<<"goldrush">>,<<"0.1.9">>},1},
 {<<"lager">>,{pkg,<<"lager">>,<<"3.8.1">>},0},
 {<<"quickrand">>,{pkg,<<"quickrand">>,<<"2.0.0">>},1},
 {<<"types">>,{pkg,<<"types">>,<<"0.1.8">>},0},
 {<<"uuid">>,{pkg,<<"uuid_erl">>,<<"2.0.0">>},0}]}.
[
{pkg_hash,[
 {<<"acceptor_pool">>, <<"43C20D2ACAE35F0C2BCD64F9D2BDE267E459F0F3FD23DAB26485BF518C281B21">>},
 {<<"goldrush">>, <<"F06E5D5F1277DA5C413E84D5A2924174182FB108DABB39D5EC548B27424CD106">>},
 {<<"lager">>, <<"652EDFFBBEFFDE78F12220E1C64F6F6BFB173A8738CE73AF6ED3B1723A71C5BD">>},
 {<<"quickrand">>, <<"665C49881808DA68A5C58DDEDA16EA60B16BE54DBB719B029EEA5835FD12DAE9">>},
 {<<"types">>, <<"5782B67231E8C174FE2835395E71E669FE0121076779D2A09F1C0D58EE0E2F13">>},
 {<<"uuid">>, <<"02C713FAC0E73E5F366CBA541216F1E956E2F00C91C7530D4B21DEC7D3ADA164">>}]},
{pkg_hash_ext,[
 {<<"acceptor_pool">>, <<"0CBCD83FDC8B9AD2EEE2067EF8B91A14858A5883CB7CD800E6FCD5803E158788">>},
 {<<"goldrush">>, <<"99CB4128CFFCB3227581E5D4D803D5413FA643F4EB96523F77D9E6937D994CEB">>},
 {<<"lager">>, <<"F8945D2CBAAB3560C2373F0808EB6262E7CFF1BD2EC550FD7DB38716180B7465">>},
 {<<"quickrand">>, <<"0344D02B40BC44B3E8E8A3DBD89A3B29E5690BC44811149EE704AC3A695A29E3">>},
 {<<"types">>, <<"04285239F4954C5EDE56F78ED7778EDE24E3F2E997F7B16402A167AF0CC2658A">>},
 {<<"uuid">>, <<"CE1C1ED1D786BA98F93204BE66F93A797504993954141122FCC5FE59B5331367">>}]}
].
